{
    "_readme": [
        "This file locks the dependencies of your project to a known state",
        "Read more about it at http://getcomposer.org/doc/01-basic-usage.md#composer-lock-the-lock-file",
        "This file is @generated automatically"
    ],
    "hash": "6de87ff296b5c1a54e1a485dc349785b",
    "packages": [
        {
            "name": "components/jquery",
            "version": "dev-master",
            "source": {
                "type": "git",
                "url": "https://github.com/components/jquery.git",
                "reference": "104762e247cc7e377cdbba9d27414a5944b9c81e"
            },
            "dist": {
                "type": "zip",
                "url": "https://api.github.com/repos/components/jquery/zipball/104762e247cc7e377cdbba9d27414a5944b9c81e",
                "reference": "104762e247cc7e377cdbba9d27414a5944b9c81e",
                "shasum": ""
            },
            "type": "component",
            "extra": {
                "component": {
                    "scripts": [
                        "jquery.js"
                    ],
                    "files": [
                        "jquery.min.js",
                        "jquery.min.map",
                        "jquery-migrate.js",
                        "jquery-migrate.min.js"
                    ]
                }
            },
            "notification-url": "https://packagist.org/downloads/",
            "license": [
                "MIT"
            ],
            "authors": [
                {
                    "name": "John Resig",
                    "email": "jeresig@gmail.com"
                }
            ],
            "description": "jQuery JavaScript Library",
            "homepage": "http://jquery.com",
            "time": "2014-11-16 14:44:25"
        },
        {
            "name": "components/jqueryui",
            "version": "dev-master",
            "source": {
                "type": "git",
                "url": "https://github.com/components/jqueryui.git",
                "reference": "396781474d936959061271505f506b78398fe6a2"
            },
            "dist": {
                "type": "zip",
                "url": "https://api.github.com/repos/components/jqueryui/zipball/396781474d936959061271505f506b78398fe6a2",
                "reference": "396781474d936959061271505f506b78398fe6a2",
                "shasum": ""
            },
            "require": {
                "components/jquery": ">=1.6"
            },
            "type": "component",
            "extra": {
                "component": {
                    "name": "jquery-ui",
                    "scripts": [
                        "jquery-ui.js"
                    ],
                    "files": [
                        "ui/**",
                        "themes/**",
                        "jquery-ui.min.js"
                    ],
                    "shim": {
                        "deps": [
                            "jquery"
                        ],
                        "exports": "jQuery"
                    }
                }
            },
            "notification-url": "https://packagist.org/downloads/",
            "license": [
                "MIT"
            ],
            "authors": [
                {
                    "name": "jQuery UI Team",
                    "homepage": "http://jqueryui.com/about"
                },
                {
                    "name": "Joern Zaefferer",
                    "email": "joern.zaefferer@gmail.com",
                    "homepage": "http://bassistance.de"
                },
                {
                    "name": "Scott Gonzalez",
                    "email": "scott.gonzalez@gmail.com",
                    "homepage": "http://scottgonzalez.com"
                },
                {
                    "name": "Kris Borchers",
                    "email": "kris.borchers@gmail.com",
                    "homepage": "http://krisborchers.com"
                },
                {
                    "name": "Mike Sherov",
                    "email": "mike.sherov@gmail.com",
                    "homepage": "http://mike.sherov.com"
                },
                {
                    "name": "TJ VanToll",
                    "email": "tj.vantoll@gmail.com",
                    "homepage": "http://tjvantoll.com"
                },
                {
                    "name": "Corey Frang",
                    "email": "gnarf37@gmail.com",
                    "homepage": "http://gnarf.net"
                },
                {
                    "name": "Felix Nagel",
                    "email": "info@felixnagel.com",
                    "homepage": "http://www.felixnagel.com"
                }
            ],
            "description": "jQuery UI is a curated set of user interface interactions, effects, widgets, and themes built on top of the jQuery JavaScript Library. Whether you're building highly interactive web applications or you just need to add a date picker to a form control, jQuery UI is the perfect choice.",
            "time": "2014-10-17 06:40:12"
        },
        {
            "name": "meenie/javascript-packer",
            "version": "dev-master",
            "source": {
                "type": "git",
                "url": "https://github.com/meenie/javascript-packer.git",
                "reference": "dcab0159ae1ed9d7535c034fb8afe1e4c3495d22"
            },
            "dist": {
                "type": "zip",
                "url": "https://api.github.com/repos/meenie/javascript-packer/zipball/dcab0159ae1ed9d7535c034fb8afe1e4c3495d22",
                "reference": "dcab0159ae1ed9d7535c034fb8afe1e4c3495d22",
                "shasum": ""
            },
            "type": "library",
            "autoload": {
                "files": [
                    "class.JavaScriptPacker.php"
                ]
            },
            "notification-url": "https://packagist.org/downloads/",
            "license": [
                "LGPL 2.1"
            ],
            "authors": [
                {
                    "name": "Nicolas Martin",
                    "role": "Developer"
                }
            ],
            "description": "Composer hosted mirror of the PHP Version of Dean Edwards' JavaScript Packer",
            "homepage": "http://joliclic.free.fr/php/javascript-packer/en/",
            "keywords": [
                "javascript packer"
            ],
            "time": "2013-03-25 21:54:33"
        },
        {
            "name": "phpmailer/phpmailer",
            "version": "dev-master",
            "source": {
                "type": "git",
                "url": "https://github.com/PHPMailer/PHPMailer.git",
                "reference": "b7f1dd174d030e90a41728220b59f228844f04a0"
            },
            "dist": {
                "type": "zip",
                "url": "https://api.github.com/repos/PHPMailer/PHPMailer/zipball/b7f1dd174d030e90a41728220b59f228844f04a0",
                "reference": "b7f1dd174d030e90a41728220b59f228844f04a0",
                "shasum": ""
            },
            "require": {
                "php": ">=5.0.0"
            },
            "require-dev": {
                "phpdocumentor/phpdocumentor": "*",
                "phpunit/phpunit": "4.1.*"
            },
            "type": "library",
            "autoload": {
                "classmap": [
                    "class.phpmailer.php",
                    "class.pop3.php",
                    "class.smtp.php"
                ]
            },
            "notification-url": "https://packagist.org/downloads/",
            "license": [
                "LGPL-2.1"
            ],
            "authors": [
                {
                    "name": "Jim Jagielski",
                    "email": "jimjag@gmail.com"
                },
                {
                    "name": "Marcus Bointon",
                    "email": "phpmailer@synchromedia.co.uk"
                },
                {
                    "name": "Andy Prevost",
                    "email": "codeworxtech@users.sourceforge.net"
                },
                {
                    "name": "Brent R. Matzelle"
                }
            ],
            "description": "PHPMailer is a full-featured email creation and transfer class for PHP",
            "time": "2014-12-06 14:07:54"
        },
        {
            "name": "twbs/bootstrap",
            "version": "dev-master",
            "source": {
                "type": "git",
                "url": "https://github.com/twbs/bootstrap.git",
                "reference": "f11a3a31f1382f212f9255671535d87060078355"
            },
            "dist": {
                "type": "zip",
                "url": "https://api.github.com/repos/twbs/bootstrap/zipball/f11a3a31f1382f212f9255671535d87060078355",
                "reference": "f11a3a31f1382f212f9255671535d87060078355",
                "shasum": ""
            },
            "replace": {
                "twitter/bootstrap": "self.version"
            },
            "type": "library",
            "extra": {
                "branch-alias": {
                    "dev-master": "3.3.x-dev"
                }
            },
            "notification-url": "https://packagist.org/downloads/",
            "license": [
                "MIT"
            ],
            "authors": [
                {
                    "name": "Jacob Thornton",
                    "email": "jacobthornton@gmail.com"
                },
                {
                    "name": "Mark Otto",
                    "email": "markdotto@gmail.com"
                }
            ],
            "description": "The most popular front-end framework for developing responsive, mobile first projects on the web.",
            "homepage": "http://getbootstrap.com",
            "keywords": [
                "JS",
                "css",
                "framework",
                "front-end",
                "less",
                "mobile-first",
                "responsive",
                "web"
            ],
            "time": "2014-12-12 22:31:30"
        }
    ],
    "packages-dev": [],
    "aliases": [],
    "minimum-stability": "stable",
    "stability-flags": {
        "twbs/bootstrap": 20,
        "components/jquery": 20,
        "components/jqueryui": 20,
        "phpmailer/phpmailer": 20,
        "meenie/javascript-packer": 20
    },
    "prefer-stable": false,
    "platform": [],
    "platform-dev": []
}
